// !$*UTF8*$!
{
	archiveVersion = 1;
	classes = {
	};
	objectVersion = 56;
	objects = {

/* Begin PBXBuildFile section */
		A19771122B5570BC00CBBBEC /* Maker View.swift in Sources */ = {isa = PBXBuildFile; fileRef = A19771112B5570BC00CBBBEC /* Maker View.swift */; };
		A1BEB3A52B52BDCA002D8A33 /* UIViewController.swift in Sources */ = {isa = PBXBuildFile; fileRef = A1BEB3A42B52BDCA002D8A33 /* UIViewController.swift */; };
		A1BEB3A72B52CBFC002D8A33 /* UIColor.swift in Sources */ = {isa = PBXBuildFile; fileRef = A1BEB3A62B52CBFC002D8A33 /* UIColor.swift */; };
		A1BEB3A92B531AFD002D8A33 /* SuccessPageViewController.swift in Sources */ = {isa = PBXBuildFile; fileRef = A1BEB3A82B531AFD002D8A33 /* SuccessPageViewController.swift */; };
		A1D4EF802B517F1F0037D914 /* AppDelegate.swift in Sources */ = {isa = PBXBuildFile; fileRef = A1D4EF7F2B517F1F0037D914 /* AppDelegate.swift */; };
		A1D4EF822B517F1F0037D914 /* SceneDelegate.swift in Sources */ = {isa = PBXBuildFile; fileRef = A1D4EF812B517F1F0037D914 /* SceneDelegate.swift */; };
		A1D4EF842B517F1F0037D914 /* ViewController.swift in Sources */ = {isa = PBXBuildFile; fileRef = A1D4EF832B517F1F0037D914 /* ViewController.swift */; };
		A1D4EF8A2B517F1F0037D914 /* SocialApp.xcdatamodeld in Sources */ = {isa = PBXBuildFile; fileRef = A1D4EF882B517F1F0037D914 /* SocialApp.xcdatamodeld */; };
		A1D4EF8C2B517F210037D914 /* Assets.xcassets in Resources */ = {isa = PBXBuildFile; fileRef = A1D4EF8B2B517F210037D914 /* Assets.xcassets */; };
		A1D4EF8F2B517F210037D914 /* LaunchScreen.storyboard in Resources */ = {isa = PBXBuildFile; fileRef = A1D4EF8D2B517F210037D914 /* LaunchScreen.storyboard */; };
		A1D4EF9B2B51C56A0037D914 /* SnapKit in Frameworks */ = {isa = PBXBuildFile; productRef = A1D4EF9A2B51C56A0037D914 /* SnapKit */; };
/* End PBXBuildFile section */

/* Begin PBXFileReference section */
		A19771112B5570BC00CBBBEC /* Maker View.swift */ = {isa = PBXFileReference; lastKnownFileType = sourcecode.swift; path = "Maker View.swift"; sourceTree = "<group>"; };
		A1BEB3A42B52BDCA002D8A33 /* UIViewController.swift */ = {isa = PBXFileReference; lastKnownFileType = sourcecode.swift; path = UIViewController.swift; sourceTree = "<group>"; };
		A1BEB3A62B52CBFC002D8A33 /* UIColor.swift */ = {isa = PBXFileReference; lastKnownFileType = sourcecode.swift; path = UIColor.swift; sourceTree = "<group>"; };
		A1BEB3A82B531AFD002D8A33 /* SuccessPageViewController.swift */ = {isa = PBXFileReference; lastKnownFileType = sourcecode.swift; path = SuccessPageViewController.swift; sourceTree = "<group>"; };
		A1D4EF7C2B517F1F0037D914 /* SocialApp.app */ = {isa = PBXFileReference; explicitFileType = wrapper.application; includeInIndex = 0; path = SocialApp.app; sourceTree = BUILT_PRODUCTS_DIR; };
		A1D4EF7F2B517F1F0037D914 /* AppDelegate.swift */ = {isa = PBXFileReference; lastKnownFileType = sourcecode.swift; path = AppDelegate.swift; sourceTree = "<group>"; };
		A1D4EF812B517F1F0037D914 /* SceneDelegate.swift */ = {isa = PBXFileReference; lastKnownFileType = sourcecode.swift; path = SceneDelegate.swift; sourceTree = "<group>"; };
		A1D4EF832B517F1F0037D914 /* ViewController.swift */ = {isa = PBXFileReference; lastKnownFileType = sourcecode.swift; path = ViewController.swift; sourceTree = "<group>"; };
		A1D4EF892B517F1F0037D914 /* SocialApp.xcdatamodel */ = {isa = PBXFileReference; lastKnownFileType = wrapper.xcdatamodel; path = SocialApp.xcdatamodel; sourceTree = "<group>"; };
		A1D4EF8B2B517F210037D914 /* Assets.xcassets */ = {isa = PBXFileReference; lastKnownFileType = folder.assetcatalog; path = Assets.xcassets; sourceTree = "<group>"; };
		A1D4EF8E2B517F210037D914 /* Base */ = {isa = PBXFileReference; lastKnownFileType = file.storyboard; name = Base; path = Base.lproj/LaunchScreen.storyboard; sourceTree = "<group>"; };
		A1D4EF902B517F210037D914 /* Info.plist */ = {isa = PBXFileReference; lastKnownFileType = text.plist.xml; path = Info.plist; sourceTree = "<group>"; };
/* End PBXFileReference section */

/* Begin PBXFrameworksBuildPhase section */
		A1D4EF792B517F1F0037D914 /* Frameworks */ = {
			isa = PBXFrameworksBuildPhase;
			buildActionMask = 2147483647;
			files = (
				A1D4EF9B2B51C56A0037D914 /* SnapKit in Frameworks */,
			);
			runOnlyForDeploymentPostprocessing = 0;
		};
/* End PBXFrameworksBuildPhase section */

/* Begin PBXGroup section */
		A19771102B55709A00CBBBEC /* Helper */ = {
			isa = PBXGroup;
			children = (
				A19771112B5570BC00CBBBEC /* Maker View.swift */,
			);
			path = Helper;
			sourceTree = "<group>";
		};
		A1BEB3A32B52BDAE002D8A33 /* Extensions */ = {
			isa = PBXGroup;
			children = (
				A1BEB3A42B52BDCA002D8A33 /* UIViewController.swift */,
				A1BEB3A62B52CBFC002D8A33 /* UIColor.swift */,
			);
			path = Extensions;
			sourceTree = "<group>";
		};
		A1D4EF732B517F1F0037D914 = {
			isa = PBXGroup;
			children = (
				A1D4EF7E2B517F1F0037D914 /* SocialApp */,
				A1D4EF7D2B517F1F0037D914 /* Products */,
			);
			sourceTree = "<group>";
		};
		A1D4EF7D2B517F1F0037D914 /* Products */ = {
			isa = PBXGroup;
			children = (
				A1D4EF7C2B517F1F0037D914 /* SocialApp.app */,
			);
			name = Products;
			sourceTree = "<group>";
		};
		A1D4EF7E2B517F1F0037D914 /* SocialApp */ = {
			isa = PBXGroup;
			children = (
				A19771102B55709A00CBBBEC /* Helper */,
				A1BEB3A32B52BDAE002D8A33 /* Extensions */,
				A1D4EF972B517FFD0037D914 /* delegate */,
				A1D4EF962B517FEF0037D914 /* common */,
				A1D4EF982B5180190037D914 /* Recources */,
				A1D4EF902B517F210037D914 /* Info.plist */,
				A1D4EF882B517F1F0037D914 /* SocialApp.xcdatamodeld */,
			);
			path = SocialApp;
			sourceTree = "<group>";
		};
		A1D4EF962B517FEF0037D914 /* common */ = {
			isa = PBXGroup;
			children = (
				A1D4EF832B517F1F0037D914 /* ViewController.swift */,
				A1BEB3A82B531AFD002D8A33 /* SuccessPageViewController.swift */,
			);
			path = common;
			sourceTree = "<group>";
		};
		A1D4EF972B517FFD0037D914 /* delegate */ = {
			isa = PBXGroup;
			children = (
				A1D4EF7F2B517F1F0037D914 /* AppDelegate.swift */,
				A1D4EF812B517F1F0037D914 /* SceneDelegate.swift */,
			);
			path = delegate;
			sourceTree = "<group>";
		};
		A1D4EF982B5180190037D914 /* Recources */ = {
			isa = PBXGroup;
			children = (
				A1D4EF8D2B517F210037D914 /* LaunchScreen.storyboard */,
				A1D4EF8B2B517F210037D914 /* Assets.xcassets */,
			);
			path = Recources;
			sourceTree = "<group>";
		};
/* End PBXGroup section */

/* Begin PBXNativeTarget section */
		A1D4EF7B2B517F1F0037D914 /* SocialApp */ = {
			isa = PBXNativeTarget;
			buildConfigurationList = A1D4EF932B517F210037D914 /* Build configuration list for PBXNativeTarget "SocialApp" */;
			buildPhases = (
				A1D4EF782B517F1F0037D914 /* Sources */,
				A1D4EF792B517F1F0037D914 /* Frameworks */,
				A1D4EF7A2B517F1F0037D914 /* Resources */,
			);
			buildRules = (
			);
			dependencies = (
			);
			name = SocialApp;
			packageProductDependencies = (
				A1D4EF9A2B51C56A0037D914 /* SnapKit */,
			);
			productName = SocialApp;
			productReference = A1D4EF7C2B517F1F0037D914 /* SocialApp.app */;
			productType = "com.apple.product-type.application";
		};
/* End PBXNativeTarget section */

/* Begin PBXProject section */
		A1D4EF742B517F1F0037D914 /* Project object */ = {
			isa = PBXProject;
			attributes = {
				BuildIndependentTargetsInParallel = 1;
				LastSwiftUpdateCheck = 1520;
				LastUpgradeCheck = 1520;
				TargetAttributes = {
					A1D4EF7B2B517F1F0037D914 = {
						CreatedOnToolsVersion = 15.2;
					};
				};
			};
			buildConfigurationList = A1D4EF772B517F1F0037D914 /* Build configuration list for PBXProject "SocialApp" */;
			compatibilityVersion = "Xcode 14.0";
			developmentRegion = en;
			hasScannedForEncodings = 0;
			knownRegions = (
				en,
				Base,
			);
			mainGroup = A1D4EF732B517F1F0037D914;
			packageReferences = (
				A1D4EF992B51C56A0037D914 /* XCRemoteSwiftPackageReference "SnapKit" */,
			);
			productRefGroup = A1D4EF7D2B517F1F0037D914 /* Products */;
			projectDirPath = "";
			projectRoot = "";
			targets = (
				A1D4EF7B2B517F1F0037D914 /* SocialApp */,
			);
		};
/* End PBXProject section */

/* Begin PBXResourcesBuildPhase section */
		A1D4EF7A2B517F1F0037D914 /* Resources */ = {
			isa = PBXResourcesBuildPhase;
			buildActionMask = 2147483647;
			files = (
				A1D4EF8F2B517F210037D914 /* LaunchScreen.storyboard in Resources */,
				A1D4EF8C2B517F210037D914 /* Assets.xcassets in Resources */,
			);
			runOnlyForDeploymentPostprocessing = 0;
		};
/* End PBXResourcesBuildPhase section */

/* Begin PBXSourcesBuildPhase section */
		A1D4EF782B517F1F0037D914 /* Sources */ = {
			isa = PBXSourcesBuildPhase;
			buildActionMask = 2147483647;
			files = (
				A1D4EF842B517F1F0037D914 /* ViewController.swift in Sources */,
				A1BEB3A72B52CBFC002D8A33 /* UIColor.swift in Sources */,
				A1D4EF802B517F1F0037D914 /* AppDelegate.swift in Sources */,
				A1D4EF8A2B517F1F0037D914 /* SocialApp.xcdatamodeld in Sources */,
				A1D4EF822B517F1F0037D914 /* SceneDelegate.swift in Sources */,
				A1BEB3A92B531AFD002D8A33 /* SuccessPageViewController.swift in Sources */,
				A19771122B5570BC00CBBBEC /* Maker View.swift in Sources */,
				A1BEB3A52B52BDCA002D8A33 /* UIViewController.swift in Sources */,
			);
			runOnlyForDeploymentPostprocessing = 0;
		};
/* End PBXSourcesBuildPhase section */

/* Begin PBXVariantGroup section */
		A1D4EF8D2B517F210037D914 /* LaunchScreen.storyboard */ = {
			isa = PBXVariantGroup;
			children = (
				A1D4EF8E2B517F210037D914 /* Base */,
			);
			name = LaunchScreen.storyboard;
			sourceTree = "<group>";
		};
/* End PBXVariantGroup section */

/* Begin XCBuildConfiguration section */
		A1D4EF912B517F210037D914 /* Debug */ = {
			isa = XCBuildConfiguration;
			buildSettings = {
				ALWAYS_SEARCH_USER_PATHS = NO;
				ASSETCATALOG_COMPILER_GENERATE_SWIFT_ASSET_SYMBOL_EXTENSIONS = YES;
				CLANG_ANALYZER_NONNULL = YES;
				CLANG_ANALYZER_NUMBER_OBJECT_CONVERSION = YES_AGGRESSIVE;
				CLANG_CXX_LANGUAGE_STANDARD = "gnu++20";
				CLANG_ENABLE_MODULES = YES;
				CLANG_ENABLE_OBJC_ARC = YES;
				CLANG_ENABLE_OBJC_WEAK = YES;
				CLANG_WARN_BLOCK_CAPTURE_AUTORELEASING = YES;
				CLANG_WARN_BOOL_CONVERSION = YES;
				CLANG_WARN_COMMA = YES;
				CLANG_WARN_CONSTANT_CONVERSION = YES;
				CLANG_WARN_DEPRECATED_OBJC_IMPLEMENTATIONS = YES;
				CLANG_WARN_DIRECT_OBJC_ISA_USAGE = YES_ERROR;
				CLANG_WARN_DOCUMENTATION_COMMENTS = YES;
				CLANG_WARN_EMPTY_BODY = YES;
				CLANG_WARN_ENUM_CONVERSION = YES;
				CLANG_WARN_INFINITE_RECURSION = YES;
				CLANG_WARN_INT_CONVERSION = YES;
				CLANG_WARN_NON_LITERAL_NULL_CONVERSION = YES;
				CLANG_WARN_OBJC_IMPLICIT_RETAIN_SELF = YES;
				CLANG_WARN_OBJC_LITERAL_CONVERSION = YES;
				CLANG_WARN_OBJC_ROOT_CLASS = YES_ERROR;
				CLANG_WARN_QUOTED_INCLUDE_IN_FRAMEWORK_HEADER = YES;
				CLANG_WARN_RANGE_LOOP_ANALYSIS = YES;
				CLANG_WARN_STRICT_PROTOTYPES = YES;
				CLANG_WARN_SUSPICIOUS_MOVE = YES;
				CLANG_WARN_UNGUARDED_AVAILABILITY = YES_AGGRESSIVE;
				CLANG_WARN_UNREACHABLE_CODE = YES;
				CLANG_WARN__DUPLICATE_METHOD_MATCH = YES;
				COPY_PHASE_STRIP = NO;
				DEBUG_INFORMATION_FORMAT = dwarf;
				ENABLE_STRICT_OBJC_MSGSEND = YES;
				ENABLE_TESTABILITY = YES;
				ENABLE_USER_SCRIPT_SANDBOXING = YES;
				GCC_C_LANGUAGE_STANDARD = gnu17;
				GCC_DYNAMIC_NO_PIC = NO;
				GCC_NO_COMMON_BLOCKS = YES;
				GCC_OPTIMIZATION_LEVEL = 0;
				GCC_PREPROCESSOR_DEFINITIONS = (
					"DEBUG=1",
					"$(inherited)",
				);
				GCC_WARN_64_TO_32_BIT_CONVERSION = YES;
				GCC_WARN_ABOUT_RETURN_TYPE = YES_ERROR;
				GCC_WARN_UNDECLARED_SELECTOR = YES;
				GCC_WARN_UNINITIALIZED_AUTOS = YES_AGGRESSIVE;
				GCC_WARN_UNUSED_FUNCTION = YES;
				GCC_WARN_UNUSED_VARIABLE = YES;
				IPHONEOS_DEPLOYMENT_TARGET = 17.2;
				LOCALIZATION_PREFERS_STRING_CATALOGS = YES;
				MTL_ENABLE_DEBUG_INFO = INCLUDE_SOURCE;
				MTL_FAST_MATH = YES;
				ONLY_ACTIVE_ARCH = YES;
				SDKROOT = iphoneos;
				SWIFT_ACTIVE_COMPILATION_CONDITIONS = "DEBUG $(inherited)";
				SWIFT_OPTIMIZATION_LEVEL = "-Onone";
			};
			name = Debug;
		};
		A1D4EF922B517F210037D914 /* Release */ = {
			isa = XCBuildConfiguration;
			buildSettings = {
				ALWAYS_SEARCH_USER_PATHS = NO;
				ASSETCATALOG_COMPILER_GENERATE_SWIFT_ASSET_SYMBOL_EXTENSIONS = YES;
				CLANG_ANALYZER_NONNULL = YES;
				CLANG_ANALYZER_NUMBER_OBJECT_CONVERSION = YES_AGGRESSIVE;
				CLANG_CXX_LANGUAGE_STANDARD = "gnu++20";
				CLANG_ENABLE_MODULES = YES;
				CLANG_ENABLE_OBJC_ARC = YES;
				CLANG_ENABLE_OBJC_WEAK = YES;
				CLANG_WARN_BLOCK_CAPTURE_AUTORELEASING = YES;
				CLANG_WARN_BOOL_CONVERSION = YES;
				CLANG_WARN_COMMA = YES;
				CLANG_WARN_CONSTANT_CONVERSION = YES;
				CLANG_WARN_DEPRECATED_OBJC_IMPLEMENTATIONS = YES;
				CLANG_WARN_DIRECT_OBJC_ISA_USAGE = YES_ERROR;
				CLANG_WARN_DOCUMENTATION_COMMENTS = YES;
				CLANG_WARN_EMPTY_BODY = YES;
				CLANG_WARN_ENUM_CONVERSION = YES;
				CLANG_WARN_INFINITE_RECURSION = YES;
				CLANG_WARN_INT_CONVERSION = YES;
				CLANG_WARN_NON_LITERAL_NULL_CONVERSION = YES;
				CLANG_WARN_OBJC_IMPLICIT_RETAIN_SELF = YES;
				CLANG_WARN_OBJC_LITERAL_CONVERSION = YES;
				CLANG_WARN_OBJC_ROOT_CLASS = YES_ERROR;
				CLANG_WARN_QUOTED_INCLUDE_IN_FRAMEWORK_HEADER = YES;
				CLANG_WARN_RANGE_LOOP_ANALYSIS = YES;
				CLANG_WARN_STRICT_PROTOTYPES = YES;
				CLANG_WARN_SUSPICIOUS_MOVE = YES;
				CLANG_WARN_UNGUARDED_AVAILABILITY = YES_AGGRESSIVE;
				CLANG_WARN_UNREACHABLE_CODE = YES;
				CLANG_WARN__DUPLICATE_METHOD_MATCH = YES;
				COPY_PHASE_STRIP = NO;
				DEBUG_INFORMATION_FORMAT = "dwarf-with-dsym";
				ENABLE_NS_ASSERTIONS = NO;
				ENABLE_STRICT_OBJC_MSGSEND = YES;
				ENABLE_USER_SCRIPT_SANDBOXING = YES;
				GCC_C_LANGUAGE_STANDARD = gnu17;
				GCC_NO_COMMON_BLOCKS = YES;
				GCC_WARN_64_TO_32_BIT_CONVERSION = YES;
				GCC_WARN_ABOUT_RETURN_TYPE = YES_ERROR;
				GCC_WARN_UNDECLARED_SELECTOR = YES;
				GCC_WARN_UNINITIALIZED_AUTOS = YES_AGGRESSIVE;
				GCC_WARN_UNUSED_FUNCTION = YES;
				GCC_WARN_UNUSED_VARIABLE = YES;
				IPHONEOS_DEPLOYMENT_TARGET = 17.2;
				LOCALIZATION_PREFERS_STRING_CATALOGS = YES;
				MTL_ENABLE_DEBUG_INFO = NO;
				MTL_FAST_MATH = YES;
				SDKROOT = iphoneos;
				SWIFT_COMPILATION_MODE = wholemodule;
				VALIDATE_PRODUCT = YES;
			};
			name = Release;
		};
		A1D4EF942B517F210037D914 /* Debug */ = {
			isa = XCBuildConfiguration;
			buildSettings = {
				ASSETCATALOG_COMPILER_APPICON_NAME = AppIcon;
				ASSETCATALOG_COMPILER_GLOBAL_ACCENT_COLOR_NAME = AccentColor;
				CODE_SIGN_STYLE = Automatic;
				CURRENT_PROJECT_VERSION = 1;
				DEVELOPMENT_TEAM = LH7FMGZ75D;
				GENERATE_INFOPLIST_FILE = YES;
				INFOPLIST_FILE = SocialApp/Info.plist;
				INFOPLIST_KEY_UIApplicationSupportsIndirectInputEvents = YES;
				INFOPLIST_KEY_UILaunchStoryboardName = LaunchScreen;
				INFOPLIST_KEY_UISupportedInterfaceOrientations_iPad = "UIInterfaceOrientationPortrait UIInterfaceOrientationPortraitUpsideDown UIInterfaceOrientationLandscapeLeft UIInterfaceOrientationLandscapeRight";
				INFOPLIST_KEY_UISupportedInterfaceOrientations_iPhone = "UIInterfaceOrientationPortrait UIInterfaceOrientationLandscapeLeft UIInterfaceOrientationLandscapeRight";
				LD_RUNPATH_SEARCH_PATHS = (
					"$(inherited)",
					"@executable_path/Frameworks",
				);
				MARKETING_VERSION = 1.0;
				PRODUCT_BUNDLE_IDENTIFIER = com.aruu.SocialApp;
				PRODUCT_NAME = "$(TARGET_NAME)";
				SWIFT_EMIT_LOC_STRINGS = YES;
				SWIFT_VERSION = 5.0;
				TARGETED_DEVICE_FAMILY = "1,2";
			};
			name = Debug;
		};
		A1D4EF952B517F210037D914 /* Release */ = {
			isa = XCBuildConfiguration;
			buildSettings = {
				ASSETCATALOG_COMPILER_APPICON_NAME = AppIcon;
				ASSETCATALOG_COMPILER_GLOBAL_ACCENT_COLOR_NAME = AccentColor;
				CODE_SIGN_STYLE = Automatic;
				CURRENT_PROJECT_VERSION = 1;
				DEVELOPMENT_TEAM = LH7FMGZ75D;
				GENERATE_INFOPLIST_FILE = YES;
				INFOPLIST_FILE = SocialApp/Info.plist;
				INFOPLIST_KEY_UIApplicationSupportsIndirectInputEvents = YES;
				INFOPLIST_KEY_UILaunchStoryboardName = LaunchScreen;
				INFOPLIST_KEY_UISupportedInterfaceOrientations_iPad = "UIInterfaceOrientationPortrait UIInterfaceOrientationPortraitUpsideDown UIInterfaceOrientationLandscapeLeft UIInterfaceOrientationLandscapeRight";
				INFOPLIST_KEY_UISupportedInterfaceOrientations_iPhone = "UIInterfaceOrientationPortrait UIInterfaceOrientationLandscapeLeft UIInterfaceOrientationLandscapeRight";
				LD_RUNPATH_SEARCH_PATHS = (
					"$(inherited)",
					"@executable_path/Frameworks",
				);
				MARKETING_VERSION = 1.0;
				PRODUCT_BUNDLE_IDENTIFIER = com.aruu.SocialApp;
				PRODUCT_NAME = "$(TARGET_NAME)";
				SWIFT_EMIT_LOC_STRINGS = YES;
				SWIFT_VERSION = 5.0;
				TARGETED_DEVICE_FAMILY = "1,2";
			};
			name = Release;
		};
/* End XCBuildConfiguration section */

/* Begin XCConfigurationList section */
		A1D4EF772B517F1F0037D914 /* Build configuration list for PBXProject "SocialApp" */ = {
			isa = XCConfigurationList;
			buildConfigurations = (
				A1D4EF912B517F210037D914 /* Debug */,
				A1D4EF922B517F210037D914 /* Release */,
			);
			defaultConfigurationIsVisible = 0;
			defaultConfigurationName = Release;
		};
		A1D4EF932B517F210037D914 /* Build configuration list for PBXNativeTarget "SocialApp" */ = {
			isa = XCConfigurationList;
			buildConfigurations = (
				A1D4EF942B517F210037D914 /* Debug */,
				A1D4EF952B517F210037D914 /* Release */,
			);
			defaultConfigurationIsVisible = 0;
			defaultConfigurationName = Release;
		};
/* End XCConfigurationList section */

/* Begin XCRemoteSwiftPackageReference section */
		A1D4EF992B51C56A0037D914 /* XCRemoteSwiftPackageReference "SnapKit" */ = {
			isa = XCRemoteSwiftPackageReference;
			repositoryURL = "https://github.com/SnapKit/SnapKit.git";
			requirement = {
				kind = upToNextMajorVersion;
				minimumVersion = 5.7.0;
			};
		};
/* End XCRemoteSwiftPackageReference section */

/* Begin XCSwiftPackageProductDependency section */
		A1D4EF9A2B51C56A0037D914 /* SnapKit */ = {
			isa = XCSwiftPackageProductDependency;
			package = A1D4EF992B51C56A0037D914 /* XCRemoteSwiftPackageReference "SnapKit" */;
			productName = SnapKit;
		};
/* End XCSwiftPackageProductDependency section */

/* Begin XCVersionGroup section */
		A1D4EF882B517F1F0037D914 /* SocialApp.xcdatamodeld */ = {
			isa = XCVersionGroup;
			children = (
				A1D4EF892B517F1F0037D914 /* SocialApp.xcdatamodel */,
			);
			currentVersion = A1D4EF892B517F1F0037D914 /* SocialApp.xcdatamodel */;
			path = SocialApp.xcdatamodeld;
			sourceTree = "<group>";
			versionGroupType = wrapper.xcdatamodel;
		};
/* End XCVersionGroup section */
	};
	rootObject = A1D4EF742B517F1F0037D914 /* Project object */;
}
